
Microsoft Visual Studio Solution File, Format Version 12.00
# Visual Studio Version 17
VisualStudioVersion = 17.9.34728.123
MinimumVisualStudioVersion = 10.0.40219.1
Project("{9A19103F-16F7-4668-BE54-9A1E7A4F7556}") = "be-asa-shared-contracts", "be-asa-shared-contracts\be-asa-shared-contracts.csproj", "{22188DB9-4106-467E-A27B-2A72FE4D3536}"
EndProject
Project("{FAE04EC0-301F-11D3-BF4B-00C04F79EFBC}") = "be-asa-shared-infrastructure", "be-asa-shared-infrastructure\be-asa-shared-infrastructure.csproj", "{0E83C24E-659A-4F1D-8283-0580B78F45CE}"
EndProject
Global
	GlobalSection(SolutionConfigurationPlatforms) = preSolution
		Debug|Any CPU = Debug|Any CPU
		Release|Any CPU = Release|Any CPU
	EndGlobalSection
	GlobalSection(ProjectConfigurationPlatforms) = postSolution
		{22188DB9-4106-467E-A27B-2A72FE4D3536}.Debug|Any CPU.ActiveCfg = Debug|Any CPU
		{22188DB9-4106-467E-A27B-2A72FE4D3536}.Debug|Any CPU.Build.0 = Debug|Any CPU
		{22188DB9-4106-467E-A27B-2A72FE4D3536}.Release|Any CPU.ActiveCfg = Release|Any CPU
		{22188DB9-4106-467E-A27B-2A72FE4D3536}.Release|Any CPU.Build.0 = Release|Any CPU
		{0E83C24E-659A-4F1D-8283-0580B78F45CE}.Debug|Any CPU.ActiveCfg = Debug|Any CPU
		{0E83C24E-659A-4F1D-8283-0580B78F45CE}.Debug|Any CPU.Build.0 = Debug|Any CPU
		{0E83C24E-659A-4F1D-8283-0580B78F45CE}.Release|Any CPU.ActiveCfg = Release|Any CPU
		{0E83C24E-659A-4F1D-8283-0580B78F45CE}.Release|Any CPU.Build.0 = Release|Any CPU
	EndGlobalSection
	GlobalSection(SolutionProperties) = preSolution
		HideSolutionNode = FALSE
	EndGlobalSection
	GlobalSection(ExtensibilityGlobals) = postSolution
		SolutionGuid = {06A185ED-99DF-4DD6-A19F-56A842F76E24}
	EndGlobalSection
EndGlobal
